
Microsoft Visual Studio Solution File, Format Version 12.00
# Visual Studio 15
VisualStudioVersion = 15.0.28010.2016
MinimumVisualStudioVersion = 10.0.40219.1
Project("{FAE04EC0-301F-11D3-BF4B-00C04F79EFBC}") = "KK_RemoveToRecycleBin", "KK_RemoveToRecycleBin\KK_RemoveToRecycleBin.csproj", "{888A7A61-4808-4D2C-88F0-389691F9426A}"
EndProject
Global
	GlobalSection(SolutionConfigurationPlatforms) = preSolution
		Debug|Any CPU = Debug|Any CPU
		Release|Any CPU = Release|Any CPU
	EndGlobalSection
	GlobalSection(ProjectConfigurationPlatforms) = postSolution
		{888A7A61-4808-4D2C-88F0-389691F9426A}.Debug|Any CPU.ActiveCfg = Debug|Any CPU
		{888A7A61-4808-4D2C-88F0-389691F9426A}.Debug|Any CPU.Build.0 = Debug|Any CPU
		{888A7A61-4808-4D2C-88F0-389691F9426A}.Release|Any CPU.ActiveCfg = Release|Any CPU
		{888A7A61-4808-4D2C-88F0-389691F9426A}.Release|Any CPU.Build.0 = Release|Any CPU
	EndGlobalSection
	GlobalSection(SolutionProperties) = preSolution
		HideSolutionNode = FALSE
	EndGlobalSection
	GlobalSection(ExtensibilityGlobals) = postSolution
		SolutionGuid = {95F9130F-F202-4C02-A26F-A45C87EB926F}
	EndGlobalSection
EndGlobal
